
Microsoft Visual Studio Solution File, Format Version 12.00
# Visual Studio Version 16
VisualStudioVersion = 16.0.29123.88
MinimumVisualStudioVersion = 10.0.40219.1
Project("{FAE04EC0-301F-11D3-BF4B-00C04F79EFBC}") = "AspAndWebpack", "AspAndWebpack\AspAndWebpack.csproj", "{92148AD6-CBC4-4018-8E02-628AECC9F456}"
EndProject
Global
	GlobalSection(SolutionConfigurationPlatforms) = preSolution
		Debug|Any CPU = Debug|Any CPU
		Release|Any CPU = Release|Any CPU
	EndGlobalSection
	GlobalSection(ProjectConfigurationPlatforms) = postSolution
		{92148AD6-CBC4-4018-8E02-628AECC9F456}.Debug|Any CPU.ActiveCfg = Debug|Any CPU
		{92148AD6-CBC4-4018-8E02-628AECC9F456}.Debug|Any CPU.Build.0 = Debug|Any CPU
		{92148AD6-CBC4-4018-8E02-628AECC9F456}.Release|Any CPU.ActiveCfg = Release|Any CPU
		{92148AD6-CBC4-4018-8E02-628AECC9F456}.Release|Any CPU.Build.0 = Release|Any CPU
	EndGlobalSection
	GlobalSection(SolutionProperties) = preSolution
		HideSolutionNode = FALSE
	EndGlobalSection
	GlobalSection(ExtensibilityGlobals) = postSolution
		SolutionGuid = {5A291099-BA77-43BC-B27A-BD6494E68E44}
	EndGlobalSection
EndGlobal
